
Microsoft Visual Studio Solution File, Format Version 12.00
# Visual Studio 15
VisualStudioVersion = 15.0.26430.14
MinimumVisualStudioVersion = 10.0.40219.1
Project("{FAE04EC0-301F-11D3-BF4B-00C04F79EFBC}") = "CYCLON", "CYCLON\CYCLON.csproj", "{828880D4-D3FB-401B-83D0-6E64679C9FE0}"
EndProject
Global
	GlobalSection(SolutionConfigurationPlatforms) = preSolution
		Debug|Any CPU = Debug|Any CPU
		Release|Any CPU = Release|Any CPU
	EndGlobalSection
	GlobalSection(ProjectConfigurationPlatforms) = postSolution
		{828880D4-D3FB-401B-83D0-6E64679C9FE0}.Debug|Any CPU.ActiveCfg = Debug|Any CPU
		{828880D4-D3FB-401B-83D0-6E64679C9FE0}.Debug|Any CPU.Build.0 = Debug|Any CPU
		{828880D4-D3FB-401B-83D0-6E64679C9FE0}.Release|Any CPU.ActiveCfg = Release|Any CPU
		{828880D4-D3FB-401B-83D0-6E64679C9FE0}.Release|Any CPU.Build.0 = Release|Any CPU
	EndGlobalSection
	GlobalSection(SolutionProperties) = preSolution
		HideSolutionNode = FALSE
	EndGlobalSection
EndGlobal
